
Microsoft Visual Studio Solution File, Format Version 12.00
# Visual Studio Version 16
VisualStudioVersion = 16.0.32106.194
MinimumVisualStudioVersion = 10.0.40219.1
Project("{FAE04EC0-301F-11D3-BF4B-00C04F79EFBC}") = "HamburgerApp.UWP", "HamburgerApp\HamburgerApp.UWP\HamburgerApp.UWP.csproj", "{22684E61-8272-438F-8A90-63E8784F91D3}"
EndProject
Project("{FAE04EC0-301F-11D3-BF4B-00C04F79EFBC}") = "HamburgerApp.Android", "HamburgerApp\HamburgerApp.Android\HamburgerApp.Android.csproj", "{23731D49-9459-441A-9AAA-E3996D4F4CDE}"
EndProject
Project("{FAE04EC0-301F-11D3-BF4B-00C04F79EFBC}") = "HamburgerApp.iOS", "HamburgerApp\HamburgerApp.iOS\HamburgerApp.iOS.csproj", "{607A105C-11C2-4A21-BD3B-421D9963EF5D}"
EndProject
Project("{FAE04EC0-301F-11D3-BF4B-00C04F79EFBC}") = "HamburgerApp", "HamburgerApp\HamburgerApp\HamburgerApp.csproj", "{E9282AA4-5D57-4595-B4E1-498A05D53CA0}"
EndProject
Global
	GlobalSection(SolutionConfigurationPlatforms) = preSolution
		Debug|Any CPU = Debug|Any CPU
		Debug|ARM = Debug|ARM
		Debug|iPhone = Debug|iPhone
		Debug|iPhoneSimulator = Debug|iPhoneSimulator
		Debug|x64 = Debug|x64
		Debug|x86 = Debug|x86
		Release|Any CPU = Release|Any CPU
		Release|ARM = Release|ARM
		Release|iPhone = Release|iPhone
		Release|iPhoneSimulator = Release|iPhoneSimulator
		Release|x64 = Release|x64
		Release|x86 = Release|x86
	EndGlobalSection
	GlobalSection(ProjectConfigurationPlatforms) = postSolution
		{22684E61-8272-438F-8A90-63E8784F91D3}.Debug|Any CPU.ActiveCfg = Debug|x86
		{22684E61-8272-438F-8A90-63E8784F91D3}.Debug|Any CPU.Build.0 = Debug|x86
		{22684E61-8272-438F-8A90-63E8784F91D3}.Debug|Any CPU.Deploy.0 = Debug|x86
		{22684E61-8272-438F-8A90-63E8784F91D3}.Debug|ARM.ActiveCfg = Debug|ARM
		{22684E61-8272-438F-8A90-63E8784F91D3}.Debug|ARM.Build.0 = Debug|ARM
		{22684E61-8272-438F-8A90-63E8784F91D3}.Debug|ARM.Deploy.0 = Debug|ARM
		{22684E61-8272-438F-8A90-63E8784F91D3}.Debug|iPhone.ActiveCfg = Debug|x86
		{22684E61-8272-438F-8A90-63E8784F91D3}.Debug|iPhone.Build.0 = Debug|x86
		{22684E61-8272-438F-8A90-63E8784F91D3}.Debug|iPhone.Deploy.0 = Debug|x86
		{22684E61-8272-438F-8A90-63E8784F91D3}.Debug|iPhoneSimulator.ActiveCfg = Debug|x86
		{22684E61-8272-438F-8A90-63E8784F91D3}.Debug|iPhoneSimulator.Build.0 = Debug|x86
		{22684E61-8272-438F-8A90-63E8784F91D3}.Debug|iPhoneSimulator.Deploy.0 = Debug|x86
		{22684E61-8272-438F-8A90-63E8784F91D3}.Debug|x64.ActiveCfg = Debug|x64
		{22684E61-8272-438F-8A90-63E8784F91D3}.Debug|x64.Build.0 = Debug|x64
		{22684E61-8272-438F-8A90-63E8784F91D3}.Debug|x64.Deploy.0 = Debug|x64
		{22684E61-8272-438F-8A90-63E8784F91D3}.Debug|x86.ActiveCfg = Debug|x86
		{22684E61-8272-438F-8A90-63E8784F91D3}.Debug|x86.Build.0 = Debug|x86
		{22684E61-8272-438F-8A90-63E8784F91D3}.Debug|x86.Deploy.0 = Debug|x86
		{22684E61-8272-438F-8A90-63E8784F91D3}.Release|Any CPU.ActiveCfg = Release|x86
		{22684E61-8272-438F-8A90-63E8784F91D3}.Release|Any CPU.Build.0 = Release|x86
		{22684E61-8272-438F-8A90-63E8784F91D3}.Release|Any CPU.Deploy.0 = Release|x86
		{22684E61-8272-438F-8A90-63E8784F91D3}.Release|ARM.ActiveCfg = Release|ARM
		{22684E61-8272-438F-8A90-63E8784F91D3}.Release|ARM.Build.0 = Release|ARM
		{22684E61-8272-438F-8A90-63E8784F91D3}.Release|ARM.Deploy.0 = Release|ARM
		{22684E61-8272-438F-8A90-63E8784F91D3}.Release|iPhone.ActiveCfg = Release|x86
		{22684E61-8272-438F-8A90-63E8784F91D3}.Release|iPhone.Build.0 = Release|x86
		{22684E61-8272-438F-8A90-63E8784F91D3}.Release|iPhone.Deploy.0 = Release|x86
		{22684E61-8272-438F-8A90-63E8784F91D3}.Release|iPhoneSimulator.ActiveCfg = Release|x86
		{22684E61-8272-438F-8A90-63E8784F91D3}.Release|iPhoneSimulator.Build.0 = Release|x86
		{22684E61-8272-438F-8A90-63E8784F91D3}.Release|iPhoneSimulator.Deploy.0 = Release|x86
		{22684E61-8272-438F-8A90-63E8784F91D3}.Release|x64.ActiveCfg = Release|x64
		{22684E61-8272-438F-8A90-63E8784F91D3}.Release|x64.Build.0 = Release|x64
		{22684E61-8272-438F-8A90-63E8784F91D3}.Release|x64.Deploy.0 = Release|x64
		{22684E61-8272-438F-8A90-63E8784F91D3}.Release|x86.ActiveCfg = Release|x86
		{22684E61-8272-438F-8A90-63E8784F91D3}.Release|x86.Build.0 = Release|x86
		{22684E61-8272-438F-8A90-63E8784F91D3}.Release|x86.Deploy.0 = Release|x86
		{23731D49-9459-441A-9AAA-E3996D4F4CDE}.Debug|Any CPU.ActiveCfg = Debug|Any CPU
		{23731D49-9459-441A-9AAA-E3996D4F4CDE}.Debug|Any CPU.Build.0 = Debug|Any CPU
		{23731D49-9459-441A-9AAA-E3996D4F4CDE}.Debug|Any CPU.Deploy.0 = Debug|Any CPU
		{23731D49-9459-441A-9AAA-E3996D4F4CDE}.Debug|ARM.ActiveCfg = Debug|Any CPU
		{23731D49-9459-441A-9AAA-E3996D4F4CDE}.Debug|ARM.Build.0 = Debug|Any CPU
		{23731D49-9459-441A-9AAA-E3996D4F4CDE}.Debug|ARM.Deploy.0 = Debug|Any CPU
		{23731D49-9459-441A-9AAA-E3996D4F4CDE}.Debug|iPhone.ActiveCfg = Debug|Any CPU
		{23731D49-9459-441A-9AAA-E3996D4F4CDE}.Debug|iPhone.Build.0 = Debug|Any CPU
		{23731D49-9459-441A-9AAA-E3996D4F4CDE}.Debug|iPhone.Deploy.0 = Debug|Any CPU
		{23731D49-9459-441A-9AAA-E3996D4F4CDE}.Debug|iPhoneSimulator.ActiveCfg = Debug|Any CPU
		{23731D49-9459-441A-9AAA-E3996D4F4CDE}.Debug|iPhoneSimulator.Build.0 = Debug|Any CPU
		{23731D49-9459-441A-9AAA-E3996D4F4CDE}.Debug|iPhoneSimulator.Deploy.0 = Debug|Any CPU
		{23731D49-9459-441A-9AAA-E3996D4F4CDE}.Debug|x64.ActiveCfg = Debug|Any CPU
		{23731D49-9459-441A-9AAA-E3996D4F4CDE}.Debug|x64.Build.0 = Debug|Any CPU
		{23731D49-9459-441A-9AAA-E3996D4F4CDE}.Debug|x64.Deploy.0 = Debug|Any CPU
		{23731D49-9459-441A-9AAA-E3996D4F4CDE}.Debug|x86.ActiveCfg = Debug|Any CPU
		{23731D49-9459-441A-9AAA-E3996D4F4CDE}.Debug|x86.Build.0 = Debug|Any CPU
		{23731D49-9459-441A-9AAA-E3996D4F4CDE}.Debug|x86.Deploy.0 = Debug|Any CPU
		{23731D49-9459-441A-9AAA-E3996D4F4CDE}.Release|Any CPU.ActiveCfg = Release|Any CPU
		{23731D49-9459-441A-9AAA-E3996D4F4CDE}.Release|Any CPU.Build.0 = Release|Any CPU
		{23731D49-9459-441A-9AAA-E3996D4F4CDE}.Release|Any CPU.Deploy.0 = Release|Any CPU
		{23731D49-9459-441A-9AAA-E3996D4F4CDE}.Release|ARM.ActiveCfg = Release|Any CPU
		{23731D49-9459-441A-9AAA-E3996D4F4CDE}.Release|ARM.Build.0 = Release|Any CPU
		{23731D49-9459-441A-9AAA-E3996D4F4CDE}.Release|ARM.Deploy.0 = Release|Any CPU
		{23731D49-9459-441A-9AAA-E3996D4F4CDE}.Release|iPhone.ActiveCfg = Release|Any CPU
		{23731D49-9459-441A-9AAA-E3996D4F4CDE}.Release|iPhone.Build.0 = Release|Any CPU
		{23731D49-9459-441A-9AAA-E3996D4F4CDE}.Release|iPhone.Deploy.0 = Release|Any CPU
		{23731D49-9459-441A-9AAA-E3996D4F4CDE}.Release|iPhoneSimulator.ActiveCfg = Release|Any CPU
		{23731D49-9459-441A-9AAA-E3996D4F4CDE}.Release|iPhoneSimulator.Build.0 = Release|Any CPU
		{23731D49-9459-441A-9AAA-E3996D4F4CDE}.Release|iPhoneSimulator.Deploy.0 = Release|Any CPU
		{23731D49-9459-441A-9AAA-E3996D4F4CDE}.Release|x64.ActiveCfg = Release|Any CPU
		{23731D49-9459-441A-9AAA-E3996D4F4CDE}.Release|x64.Build.0 = Release|Any CPU
		{23731D49-9459-441A-9AAA-E3996D4F4CDE}.Release|x64.Deploy.0 = Release|Any CPU
		{23731D49-9459-441A-9AAA-E3996D4F4CDE}.Release|x86.ActiveCfg = Release|Any CPU
		{23731D49-9459-441A-9AAA-E3996D4F4CDE}.Release|x86.Build.0 = Release|Any CPU
		{23731D49-9459-441A-9AAA-E3996D4F4CDE}.Release|x86.Deploy.0 = Release|Any CPU
		{607A105C-11C2-4A21-BD3B-421D9963EF5D}.Debug|Any CPU.ActiveCfg = Debug|iPhoneSimulator
		{607A105C-11C2-4A21-BD3B-421D9963EF5D}.Debug|Any CPU.Build.0 = Debug|iPhoneSimulator
		{607A105C-11C2-4A21-BD3B-421D9963EF5D}.Debug|Any CPU.Deploy.0 = Debug|iPhoneSimulator
		{607A105C-11C2-4A21-BD3B-421D9963EF5D}.Debug|ARM.ActiveCfg = Debug|iPhone
		{607A105C-11C2-4A21-BD3B-421D9963EF5D}.Debug|ARM.Build.0 = Debug|iPhone
		{607A105C-11C2-4A21-BD3B-421D9963EF5D}.Debug|ARM.Deploy.0 = Debug|iPhone
		{607A105C-11C2-4A21-BD3B-421D9963EF5D}.Debug|iPhone.ActiveCfg = Debug|iPhone
		{607A105C-11C2-4A21-BD3B-421D9963EF5D}.Debug|iPhone.Build.0 = Debug|iPhone
		{607A105C-11C2-4A21-BD3B-421D9963EF5D}.Debug|iPhone.Deploy.0 = Debug|iPhone
		{607A105C-11C2-4A21-BD3B-421D9963EF5D}.Debug|iPhoneSimulator.ActiveCfg = Debug|iPhoneSimulator
		{607A105C-11C2-4A21-BD3B-421D9963EF5D}.Debug|iPhoneSimulator.Build.0 = Debug|iPhoneSimulator
		{607A105C-11C2-4A21-BD3B-421D9963EF5D}.Debug|iPhoneSimulator.Deploy.0 = Debug|iPhoneSimulator
		{607A105C-11C2-4A21-BD3B-421D9963EF5D}.Debug|x64.ActiveCfg = Debug|iPhoneSimulator
		{607A105C-11C2-4A21-BD3B-421D9963EF5D}.Debug|x64.Build.0 = Debug|iPhoneSimulator
		{607A105C-11C2-4A21-BD3B-421D9963EF5D}.Debug|x64.Deploy.0 = Debug|iPhoneSimulator
		{607A105C-11C2-4A21-BD3B-421D9963EF5D}.Debug|x86.ActiveCfg = Debug|iPhoneSimulator
		{607A105C-11C2-4A21-BD3B-421D9963EF5D}.Debug|x86.Build.0 = Debug|iPhoneSimulator
		{607A105C-11C2-4A21-BD3B-421D9963EF5D}.Debug|x86.Deploy.0 = Debug|iPhoneSimulator
		{607A105C-11C2-4A21-BD3B-421D9963EF5D}.Release|Any CPU.ActiveCfg = Release|iPhoneSimulator
		{607A105C-11C2-4A21-BD3B-421D9963EF5D}.Release|Any CPU.Build.0 = Release|iPhoneSimulator
		{607A105C-11C2-4A21-BD3B-421D9963EF5D}.Release|Any CPU.Deploy.0 = Release|iPhoneSimulator
		{607A105C-11C2-4A21-BD3B-421D9963EF5D}.Release|ARM.ActiveCfg = Release|iPhoneSimulator
		{607A105C-11C2-4A21-BD3B-421D9963EF5D}.Release|ARM.Build.0 = Release|iPhoneSimulator
		{607A105C-11C2-4A21-BD3B-421D9963EF5D}.Release|ARM.Deploy.0 = Release|iPhoneSimulator
		{607A105C-11C2-4A21-BD3B-421D9963EF5D}.Release|iPhone.ActiveCfg = Release|iPhone
		{607A105C-11C2-4A21-BD3B-421D9963EF5D}.Release|iPhone.Build.0 = Release|iPhone
		{607A105C-11C2-4A21-BD3B-421D9963EF5D}.Release|iPhone.Deploy.0 = Release|iPhone
		{607A105C-11C2-4A21-BD3B-421D9963EF5D}.Release|iPhoneSimulator.ActiveCfg = Release|iPhoneSimulator
		{607A105C-11C2-4A21-BD3B-421D9963EF5D}.Release|iPhoneSimulator.Build.0 = Release|iPhoneSimulator
		{607A105C-11C2-4A21-BD3B-421D9963EF5D}.Release|iPhoneSimulator.Deploy.0 = Release|iPhoneSimulator
		{607A105C-11C2-4A21-BD3B-421D9963EF5D}.Release|x64.ActiveCfg = Release|iPhoneSimulator
		{607A105C-11C2-4A21-BD3B-421D9963EF5D}.Release|x64.Build.0 = Release|iPhoneSimulator
		{607A105C-11C2-4A21-BD3B-421D9963EF5D}.Release|x64.Deploy.0 = Release|iPhoneSimulator
		{607A105C-11C2-4A21-BD3B-421D9963EF5D}.Release|x86.ActiveCfg = Release|iPhoneSimulator
		{607A105C-11C2-4A21-BD3B-421D9963EF5D}.Release|x86.Build.0 = Release|iPhoneSimulator
		{607A105C-11C2-4A21-BD3B-421D9963EF5D}.Release|x86.Deploy.0 = Release|iPhoneSimulator
		{E9282AA4-5D57-4595-B4E1-498A05D53CA0}.Debug|Any CPU.ActiveCfg = Debug|Any CPU
		{E9282AA4-5D57-4595-B4E1-498A05D53CA0}.Debug|Any CPU.Build.0 = Debug|Any CPU
		{E9282AA4-5D57-4595-B4E1-498A05D53CA0}.Debug|Any CPU.Deploy.0 = Debug|Any CPU
		{E9282AA4-5D57-4595-B4E1-498A05D53CA0}.Debug|ARM.ActiveCfg = Debug|Any CPU
		{E9282AA4-5D57-4595-B4E1-498A05D53CA0}.Debug|ARM.Build.0 = Debug|Any CPU
		{E9282AA4-5D57-4595-B4E1-498A05D53CA0}.Debug|ARM.Deploy.0 = Debug|Any CPU
		{E9282AA4-5D57-4595-B4E1-498A05D53CA0}.Debug|iPhone.ActiveCfg = Debug|Any CPU
		{E9282AA4-5D57-4595-B4E1-498A05D53CA0}.Debug|iPhone.Build.0 = Debug|Any CPU
		{E9282AA4-5D57-4595-B4E1-498A05D53CA0}.Debug|iPhone.Deploy.0 = Debug|Any CPU
		{E9282AA4-5D57-4595-B4E1-498A05D53CA0}.Debug|iPhoneSimulator.ActiveCfg = Debug|Any CPU
		{E9282AA4-5D57-4595-B4E1-498A05D53CA0}.Debug|iPhoneSimulator.Build.0 = Debug|Any CPU
		{E9282AA4-5D57-4595-B4E1-498A05D53CA0}.Debug|iPhoneSimulator.Deploy.0 = Debug|Any CPU
		{E9282AA4-5D57-4595-B4E1-498A05D53CA0}.Debug|x64.ActiveCfg = Debug|Any CPU
		{E9282AA4-5D57-4595-B4E1-498A05D53CA0}.Debug|x64.Build.0 = Debug|Any CPU
		{E9282AA4-5D57-4595-B4E1-498A05D53CA0}.Debug|x64.Deploy.0 = Debug|Any CPU
		{E9282AA4-5D57-4595-B4E1-498A05D53CA0}.Debug|x86.ActiveCfg = Debug|Any CPU
		{E9282AA4-5D57-4595-B4E1-498A05D53CA0}.Debug|x86.Build.0 = Debug|Any CPU
		{E9282AA4-5D57-4595-B4E1-498A05D53CA0}.Debug|x86.Deploy.0 = Debug|Any CPU
		{E9282AA4-5D57-4595-B4E1-498A05D53CA0}.Release|Any CPU.ActiveCfg = Release|Any CPU
		{E9282AA4-5D57-4595-B4E1-498A05D53CA0}.Release|Any CPU.Build.0 = Release|Any CPU
		{E9282AA4-5D57-4595-B4E1-498A05D53CA0}.Release|Any CPU.Deploy.0 = Release|Any CPU
		{E9282AA4-5D57-4595-B4E1-498A05D53CA0}.Release|ARM.ActiveCfg = Release|Any CPU
		{E9282AA4-5D57-4595-B4E1-498A05D53CA0}.Release|ARM.Build.0 = Release|Any CPU
		{E9282AA4-5D57-4595-B4E1-498A05D53CA0}.Release|ARM.Deploy.0 = Release|Any CPU
		{E9282AA4-5D57-4595-B4E1-498A05D53CA0}.Release|iPhone.ActiveCfg = Release|Any CPU
		{E9282AA4-5D57-4595-B4E1-498A05D53CA0}.Release|iPhone.Build.0 = Release|Any CPU
		{E9282AA4-5D57-4595-B4E1-498A05D53CA0}.Release|iPhone.Deploy.0 = Release|Any CPU
		{E9282AA4-5D57-4595-B4E1-498A05D53CA0}.Release|iPhoneSimulator.ActiveCfg = Release|Any CPU
		{E9282AA4-5D57-4595-B4E1-498A05D53CA0}.Release|iPhoneSimulator.Build.0 = Release|Any CPU
		{E9282AA4-5D57-4595-B4E1-498A05D53CA0}.Release|iPhoneSimulator.Deploy.0 = Release|Any CPU
		{E9282AA4-5D57-4595-B4E1-498A05D53CA0}.Release|x64.ActiveCfg = Release|Any CPU
		{E9282AA4-5D57-4595-B4E1-498A05D53CA0}.Release|x64.Build.0 = Release|Any CPU
		{E9282AA4-5D57-4595-B4E1-498A05D53CA0}.Release|x64.Deploy.0 = Release|Any CPU
		{E9282AA4-5D57-4595-B4E1-498A05D53CA0}.Release|x86.ActiveCfg = Release|Any CPU
		{E9282AA4-5D57-4595-B4E1-498A05D53CA0}.Release|x86.Build.0 = Release|Any CPU
		{E9282AA4-5D57-4595-B4E1-498A05D53CA0}.Release|x86.Deploy.0 = Release|Any CPU
	EndGlobalSection
	GlobalSection(SolutionProperties) = preSolution
		HideSolutionNode = FALSE
	EndGlobalSection
	GlobalSection(ExtensibilityGlobals) = postSolution
		SolutionGuid = {B82B67B6-A7DB-4909-8D4C-7CC9082B182D}
	EndGlobalSection
EndGlobal
